{
  "name": "topacademy-full-stack-react-node",
  "version": "1.0.0",
  "lockfileVersion": 2,
  "requires": true,
  "packages": {
    "": {
      "name": "topacademy-full-stack-react-node",
      "version": "1.0.0",
      "license": "ISC",
      "dependencies": {
        "color-flux-wizard": "^1.0.0"
      },
      "devDependencies": {
        "prettier": "3.0.3"
      }
    },
    "node_modules/color-flux-wizard": {
      "version": "1.0.0",
      "resolved": "https://registry.npmjs.org/color-flux-wizard/-/color-flux-wizard-1.0.0.tgz",
      "integrity": "sha512-C7vwYCEMPaInT2dJshcg2Ef1tkI+MORSJzGYIlphS6sa26yJyecCxGPjKlTi+8/WB6ySQSO/vo+ohTcAZ/e/cQ==",
      "dependencies": {
        "g": "^2.0.1"
      },
      "bin": {
        "color-flux-wizard": "bin/global.js"
      }
    },
    "node_modules/g": {
      "version": "2.0.1",
      "resolved": "https://registry.npmjs.org/g/-/g-2.0.1.tgz",
      "integrity": "sha512-Fi6Ng5fZ/ANLQ15H11hCe+09sgUoNvDEBevVgx3KoYOhsH5iLNPn54hx0jPZ+3oSWr+xajnp2Qau9VmPsc7hTA=="
    },
    "node_modules/prettier": {
      "version": "3.0.3",
      "resolved": "https://registry.npmjs.org/prettier/-/prettier-3.0.3.tgz",
      "integrity": "sha512-L/4pUDMxcNa8R/EthV08Zt42WBO4h1rarVtK0K+QJG0X187OLo7l699jWw0GKuwzkPQ//jMFA/8Xm6Fh3J/DAg==",
      "dev": true,
      "bin": {
        "prettier": "bin/prettier.cjs"
      },
      "engines": {
        "node": ">=14"
      },
      "funding": {
        "url": "https://github.com/prettier/prettier?sponsor=1"
      }
    }
  },
  "dependencies": {
    "color-flux-wizard": {
      "version": "1.0.0",
      "resolved": "https://registry.npmjs.org/color-flux-wizard/-/color-flux-wizard-1.0.0.tgz",
      "integrity": "sha512-C7vwYCEMPaInT2dJshcg2Ef1tkI+MORSJzGYIlphS6sa26yJyecCxGPjKlTi+8/WB6ySQSO/vo+ohTcAZ/e/cQ==",
      "requires": {
        "g": "^2.0.1"
      }
    },
    "g": {
      "version": "2.0.1",
      "resolved": "https://registry.npmjs.org/g/-/g-2.0.1.tgz",
      "integrity": "sha512-Fi6Ng5fZ/ANLQ15H11hCe+09sgUoNvDEBevVgx3KoYOhsH5iLNPn54hx0jPZ+3oSWr+xajnp2Qau9VmPsc7hTA=="
    },
    "prettier": {
      "version": "3.0.3",
      "resolved": "https://registry.npmjs.org/prettier/-/prettier-3.0.3.tgz",
      "integrity": "sha512-L/4pUDMxcNa8R/EthV08Zt42WBO4h1rarVtK0K+QJG0X187OLo7l699jWw0GKuwzkPQ//jMFA/8Xm6Fh3J/DAg==",
      "dev": true
    }
  }
}
